# This file is generated by running "yarn install" inside your project.
# Manual changes might be lost - proceed with caution!

__metadata:
  version: 6
  cacheKey: 8

"@esbuild/android-arm@npm:0.15.8":
  version: 0.15.8
  resolution: "@esbuild/android-arm@npm:0.15.8"
  dependencies:
    esbuild-wasm: 0.15.8
  conditions: os=android & cpu=arm
  languageName: node
  linkType: hard

"@esbuild/linux-loong64@npm:0.15.8":
  version: 0.15.8
  resolution: "@esbuild/linux-loong64@npm:0.15.8"
  conditions: os=linux & cpu=loong64
  languageName: node
  linkType: hard

"@remix-run/router@npm:1.0.0, @remix-run/router@npm:^1.0.0":
  version: 1.0.0
  resolution: "@remix-run/router@npm:1.0.0"
  checksum: 2e7543c71432c49bc0e6cab287ce561c56bf33ad91f929cdbf4c9bd08636bc676f2bf6b048a95fc1f5c74c40600ab59ce248d1de34a1acb7c2e43f567b0e96b5
  languageName: node
  linkType: hard

"@types/lodash@npm:^4.14.185":
  version: 4.14.185
  resolution: "@types/lodash@npm:4.14.185"
  checksum: f81d13da5ecab110ca9c5c7cc2bedc3c9802a6acf668576aecd1b8f4b134ed81d06c15f1e600fb08f05975098280a0d97d30cddfc2cb39ec1c6b56e971ca53b3
  languageName: node
  linkType: hard

"@types/prop-types@npm:*":
  version: 15.7.5
  resolution: "@types/prop-types@npm:15.7.5"
  checksum: 5b43b8b15415e1f298243165f1d44390403bb2bd42e662bca3b5b5633fdd39c938e91b7fce3a9483699db0f7a715d08cef220c121f723a634972fdf596aec980
  languageName: node
  linkType: hard

"@types/react-dom@npm:^18.0.6":
  version: 18.0.6
  resolution: "@types/react-dom@npm:18.0.6"
  dependencies:
    "@types/react": "*"
  checksum: db571047af1a567631758700b9f7d143e566df939cfe5fbf7535347cc0c726a1cdbb5e3f8566d076e54cf708b6c1166689de194a9ba09ee35efc9e1d45911685
  languageName: node
  linkType: hard

"@types/react@npm:*, @types/react@npm:^18.0.20":
  version: 18.0.20
  resolution: "@types/react@npm:18.0.20"
  dependencies:
    "@types/prop-types": "*"
    "@types/scheduler": "*"
    csstype: ^3.0.2
  checksum: f67f5b16efd89e237bf0e40d133218c398cf2a2f81166ce1e9fa32d0df6b869106740983396c51df9708a1b79b2a9d725eda1230cc3064c92d86d9ea6a4b714c
  languageName: node
  linkType: hard

"@types/scheduler@npm:*":
  version: 0.16.2
  resolution: "@types/scheduler@npm:0.16.2"
  checksum: b6b4dcfeae6deba2e06a70941860fb1435730576d3689225a421280b7742318d1548b3d22c1f66ab68e414f346a9542f29240bc955b6332c5b11e561077583bc
  languageName: node
  linkType: hard

"csstype@npm:^3.0.2":
  version: 3.1.1
  resolution: "csstype@npm:3.1.1"
  checksum: 1f7b4f5fdd955b7444b18ebdddf3f5c699159f13e9cf8ac9027ae4a60ae226aef9bbb14a6e12ca7dba3358b007cee6354b116e720262867c398de6c955ea451d
  languageName: node
  linkType: hard

"esbuild-android-64@npm:0.15.8":
  version: 0.15.8
  resolution: "esbuild-android-64@npm:0.15.8"
  dependencies:
    esbuild-wasm: 0.15.8
  conditions: os=android & cpu=x64
  languageName: node
  linkType: hard

"esbuild-android-arm64@npm:0.15.8":
  version: 0.15.8
  resolution: "esbuild-android-arm64@npm:0.15.8"
  conditions: os=android & cpu=arm64
  languageName: node
  linkType: hard

"esbuild-darwin-64@npm:0.15.8":
  version: 0.15.8
  resolution: "esbuild-darwin-64@npm:0.15.8"
  conditions: os=darwin & cpu=x64
  languageName: node
  linkType: hard

"esbuild-darwin-arm64@npm:0.15.8":
  version: 0.15.8
  resolution: "esbuild-darwin-arm64@npm:0.15.8"
  conditions: os=darwin & cpu=arm64
  languageName: node
  linkType: hard

"esbuild-freebsd-64@npm:0.15.8":
  version: 0.15.8
  resolution: "esbuild-freebsd-64@npm:0.15.8"
  conditions: os=freebsd & cpu=x64
  languageName: node
  linkType: hard

"esbuild-freebsd-arm64@npm:0.15.8":
  version: 0.15.8
  resolution: "esbuild-freebsd-arm64@npm:0.15.8"
  conditions: os=freebsd & cpu=arm64
  languageName: node
  linkType: hard

"esbuild-linux-32@npm:0.15.8":
  version: 0.15.8
  resolution: "esbuild-linux-32@npm:0.15.8"
  conditions: os=linux & cpu=ia32
  languageName: node
  linkType: hard

"esbuild-linux-64@npm:0.15.8":
  version: 0.15.8
  resolution: "esbuild-linux-64@npm:0.15.8"
  conditions: os=linux & cpu=x64
  languageName: node
  linkType: hard

"esbuild-linux-arm64@npm:0.15.8":
  version: 0.15.8
  resolution: "esbuild-linux-arm64@npm:0.15.8"
  conditions: os=linux & cpu=arm64
  languageName: node
  linkType: hard

"esbuild-linux-arm@npm:0.15.8":
  version: 0.15.8
  resolution: "esbuild-linux-arm@npm:0.15.8"
  conditions: os=linux & cpu=arm
  languageName: node
  linkType: hard

"esbuild-linux-mips64le@npm:0.15.8":
  version: 0.15.8
  resolution: "esbuild-linux-mips64le@npm:0.15.8"
  conditions: os=linux & cpu=mips64el
  languageName: node
  linkType: hard

"esbuild-linux-ppc64le@npm:0.15.8":
  version: 0.15.8
  resolution: "esbuild-linux-ppc64le@npm:0.15.8"
  conditions: os=linux & cpu=ppc64
  languageName: node
  linkType: hard

"esbuild-linux-riscv64@npm:0.15.8":
  version: 0.15.8
  resolution: "esbuild-linux-riscv64@npm:0.15.8"
  conditions: os=linux & cpu=riscv64
  languageName: node
  linkType: hard

"esbuild-linux-s390x@npm:0.15.8":
  version: 0.15.8
  resolution: "esbuild-linux-s390x@npm:0.15.8"
  conditions: os=linux & cpu=s390x
  languageName: node
  linkType: hard

"esbuild-netbsd-64@npm:0.15.8":
  version: 0.15.8
  resolution: "esbuild-netbsd-64@npm:0.15.8"
  conditions: os=netbsd & cpu=x64
  languageName: node
  linkType: hard

"esbuild-openbsd-64@npm:0.15.8":
  version: 0.15.8
  resolution: "esbuild-openbsd-64@npm:0.15.8"
  conditions: os=openbsd & cpu=x64
  languageName: node
  linkType: hard

"esbuild-sunos-64@npm:0.15.8":
  version: 0.15.8
  resolution: "esbuild-sunos-64@npm:0.15.8"
  conditions: os=sunos & cpu=x64
  languageName: node
  linkType: hard

"esbuild-wasm@npm:0.15.8":
  version: 0.15.8
  resolution: "esbuild-wasm@npm:0.15.8"
  bin:
    esbuild: bin/esbuild
  checksum: 54797a22f42b572ca7f314cb95a8d130f85948a9557bb03775ebdd2f76d60f164ac2a80bb1ee8339f8a7445a1bc5ab28e1b48584c0573aeca9366119dbad7448
  languageName: node
  linkType: hard

"esbuild-windows-32@npm:0.15.8":
  version: 0.15.8
  resolution: "esbuild-windows-32@npm:0.15.8"
  conditions: os=win32 & cpu=ia32
  languageName: node
  linkType: hard

"esbuild-windows-64@npm:0.15.8":
  version: 0.15.8
  resolution: "esbuild-windows-64@npm:0.15.8"
  conditions: os=win32 & cpu=x64
  languageName: node
  linkType: hard

"esbuild-windows-arm64@npm:0.15.8":
  version: 0.15.8
  resolution: "esbuild-windows-arm64@npm:0.15.8"
  conditions: os=win32 & cpu=arm64
  languageName: node
  linkType: hard

"esbuild@npm:^0.15.8":
  version: 0.15.8
  resolution: "esbuild@npm:0.15.8"
  dependencies:
    "@esbuild/android-arm": 0.15.8
    "@esbuild/linux-loong64": 0.15.8
    esbuild-android-64: 0.15.8
    esbuild-android-arm64: 0.15.8
    esbuild-darwin-64: 0.15.8
    esbuild-darwin-arm64: 0.15.8
    esbuild-freebsd-64: 0.15.8
    esbuild-freebsd-arm64: 0.15.8
    esbuild-linux-32: 0.15.8
    esbuild-linux-64: 0.15.8
    esbuild-linux-arm: 0.15.8
    esbuild-linux-arm64: 0.15.8
    esbuild-linux-mips64le: 0.15.8
    esbuild-linux-ppc64le: 0.15.8
    esbuild-linux-riscv64: 0.15.8
    esbuild-linux-s390x: 0.15.8
    esbuild-netbsd-64: 0.15.8
    esbuild-openbsd-64: 0.15.8
    esbuild-sunos-64: 0.15.8
    esbuild-windows-32: 0.15.8
    esbuild-windows-64: 0.15.8
    esbuild-windows-arm64: 0.15.8
  dependenciesMeta:
    "@esbuild/android-arm":
      optional: true
    "@esbuild/linux-loong64":
      optional: true
    esbuild-android-64:
      optional: true
    esbuild-android-arm64:
      optional: true
    esbuild-darwin-64:
      optional: true
    esbuild-darwin-arm64:
      optional: true
    esbuild-freebsd-64:
      optional: true
    esbuild-freebsd-arm64:
      optional: true
    esbuild-linux-32:
      optional: true
    esbuild-linux-64:
      optional: true
    esbuild-linux-arm:
      optional: true
    esbuild-linux-arm64:
      optional: true
    esbuild-linux-mips64le:
      optional: true
    esbuild-linux-ppc64le:
      optional: true
    esbuild-linux-riscv64:
      optional: true
    esbuild-linux-s390x:
      optional: true
    esbuild-netbsd-64:
      optional: true
    esbuild-openbsd-64:
      optional: true
    esbuild-sunos-64:
      optional: true
    esbuild-windows-32:
      optional: true
    esbuild-windows-64:
      optional: true
    esbuild-windows-arm64:
      optional: true
  bin:
    esbuild: bin/esbuild
  checksum: 96991dd4bdd628a62d8b962b1e8f1cf6f71ffb06f2c8c8615cba326a2f1800a0029b602c9c5ced0db43d78026ee2cce8bd4c3990411cb0081ede297627735d9d
  languageName: node
  linkType: hard

"js-tokens@npm:^3.0.0 || ^4.0.0":
  version: 4.0.0
  resolution: "js-tokens@npm:4.0.0"
  checksum: 8a95213a5a77deb6cbe94d86340e8d9ace2b93bc367790b260101d2f36a2eaf4e4e22d9fa9cf459b38af3a32fb4190e638024cf82ec95ef708680e405ea7cc78
  languageName: node
  linkType: hard

"lodash@npm:^4.17.21":
  version: 4.17.21
  resolution: "lodash@npm:4.17.21"
  checksum: eb835a2e51d381e561e508ce932ea50a8e5a68f4ebdd771ea240d3048244a8d13658acbd502cd4829768c56f2e16bdd4340b9ea141297d472517b83868e677f7
  languageName: node
  linkType: hard

"loose-envify@npm:^1.1.0":
  version: 1.4.0
  resolution: "loose-envify@npm:1.4.0"
  dependencies:
    js-tokens: ^3.0.0 || ^4.0.0
  bin:
    loose-envify: cli.js
  checksum: 6517e24e0cad87ec9888f500c5b5947032cdfe6ef65e1c1936a0c48a524b81e65542c9c3edc91c97d5bddc806ee2a985dbc79be89215d613b1de5db6d1cfe6f4
  languageName: node
  linkType: hard

"mobx-react-lite@npm:^3.4.0":
  version: 3.4.0
  resolution: "mobx-react-lite@npm:3.4.0"
  peerDependencies:
    mobx: ^6.1.0
    react: ^16.8.0 || ^17 || ^18
  peerDependenciesMeta:
    react-dom:
      optional: true
    react-native:
      optional: true
  checksum: 9294e127e281c8b37ec7bcaf17de479f50519e6ad485b58d7b991291900511541a5a718653759d3cf6503462c70325d025e1c2ed376d4584fb1b2d3aac9d9b48
  languageName: node
  linkType: hard

"mobx-react@npm:^7.5.3":
  version: 7.5.3
  resolution: "mobx-react@npm:7.5.3"
  dependencies:
    mobx-react-lite: ^3.4.0
  peerDependencies:
    mobx: ^6.1.0
    react: ^16.8.0 || ^17 || ^18
  peerDependenciesMeta:
    react-dom:
      optional: true
    react-native:
      optional: true
  checksum: 6c1c1edc778109f789c6fa9b7a49e633e45a2b3c8fd12c7bd594f6ffec58048d21841936eaf67b0b7c19a32813fbd70fa9025a8c3bca3309f607824bd5aecd1e
  languageName: node
  linkType: hard

"mobx@npm:^6.6.2":
  version: 6.6.2
  resolution: "mobx@npm:6.6.2"
  checksum: b913abea51ed023d60c71eec0198e953c0b7faee93820be2e8f07037a789b3acf6fd89c340cb9d34e888532ebd34d34b10add7d129277a96026537e5ca48bda6
  languageName: node
  linkType: hard

"react-dom@npm:^18.2.0":
  version: 18.2.0
  resolution: "react-dom@npm:18.2.0"
  dependencies:
    loose-envify: ^1.1.0
    scheduler: ^0.23.0
  peerDependencies:
    react: ^18.2.0
  checksum: 7d323310bea3a91be2965f9468d552f201b1c27891e45ddc2d6b8f717680c95a75ae0bc1e3f5cf41472446a2589a75aed4483aee8169287909fcd59ad149e8cc
  languageName: node
  linkType: hard

"react-router-dom@npm:^6.4.0":
  version: 6.4.0
  resolution: "react-router-dom@npm:6.4.0"
  dependencies:
    react-router: 6.4.0
  peerDependencies:
    react: ">=16.8"
    react-dom: ">=16.8"
  checksum: 5595bb168ce4a67ff72c1e3c1a9509bd1931da00f19c29d325b68a5a189577342d071a3c25f7c11dc7b489bcd48144206e4bc65e5be15ee9bc92515f0c1a0737
  languageName: node
  linkType: hard

"react-router@npm:6.4.0":
  version: 6.4.0
  resolution: "react-router@npm:6.4.0"
  dependencies:
    "@remix-run/router": 1.0.0
  peerDependencies:
    react: ">=16.8"
  checksum: d2bc04f9a5a931256f35217cbbb0da7047bb5368831d300153155222b2994c9a263f598fe2ef213d530663b86cef59a9bef1912f60bd11779214794164fa290c
  languageName: node
  linkType: hard

"react@npm:^18.2.0":
  version: 18.2.0
  resolution: "react@npm:18.2.0"
  dependencies:
    loose-envify: ^1.1.0
  checksum: 88e38092da8839b830cda6feef2e8505dec8ace60579e46aa5490fc3dc9bba0bd50336507dc166f43e3afc1c42939c09fe33b25fae889d6f402721dcd78fca1b
  languageName: node
  linkType: hard

"scheduler@npm:^0.23.0":
  version: 0.23.0
  resolution: "scheduler@npm:0.23.0"
  dependencies:
    loose-envify: ^1.1.0
  checksum: d79192eeaa12abef860c195ea45d37cbf2bbf5f66e3c4dcd16f54a7da53b17788a70d109ee3d3dde1a0fd50e6a8fc171f4300356c5aee4fc0171de526bf35f8a
  languageName: node
  linkType: hard

"split@workspace:.":
  version: 0.0.0-use.local
  resolution: "split@workspace:."
  dependencies:
    "@remix-run/router": ^1.0.0
    "@types/lodash": ^4.14.185
    "@types/react": ^18.0.20
    "@types/react-dom": ^18.0.6
    esbuild: ^0.15.8
    lodash: ^4.17.21
    mobx: ^6.6.2
    mobx-react: ^7.5.3
    react: ^18.2.0
    react-dom: ^18.2.0
    react-router-dom: ^6.4.0
    typescript: ^4.8.3
  languageName: unknown
  linkType: soft

"typescript@npm:^4.8.3":
  version: 4.8.3
  resolution: "typescript@npm:4.8.3"
  bin:
    tsc: bin/tsc
    tsserver: bin/tsserver
  checksum: 8286a5edcaf3d68e65c451aa1e7150ad1cf53ee0813c07ec35b7abdfdb10f355ecaa13c6a226a694ae7a67785fd7eeebf89f845da0b4f7e4a35561ddc459aba0
  languageName: node
  linkType: hard

"typescript@patch:typescript@^4.8.3#~builtin<compat/typescript>":
  version: 4.8.3
  resolution: "typescript@patch:typescript@npm%3A4.8.3#~builtin<compat/typescript>::version=4.8.3&hash=a1c5e5"
  bin:
    tsc: bin/tsc
    tsserver: bin/tsserver
  checksum: 2222d2382fb3146089b1d27ce2b55e9d1f99cc64118f1aba75809b693b856c5d3c324f052f60c75b577947fc538bc1c27bad0eb76cbdba9a63a253489504ba7e
  languageName: node
  linkType: hard
